// !$*UTF8*$!
{
	archiveVersion = 1;
	classes = {
	};
	objectVersion = 46;
	objects = {

/* Begin PBXBuildFile section */
		95F4D6AB1C46938600E7264D /* main.m in Sources */ = {isa = PBXBuildFile; fileRef = 95F4D6AA1C46938600E7264D /* main.m */; };
		95F4D6AE1C46938600E7264D /* AppDelegate.m in Sources */ = {isa = PBXBuildFile; fileRef = 95F4D6AD1C46938600E7264D /* AppDelegate.m */; };
		95F4D6B11C46938600E7264D /* ViewController.m in Sources */ = {isa = PBXBuildFile; fileRef = 95F4D6B01C46938600E7264D /* ViewController.m */; };
		95F4D6B41C46938600E7264D /* Main.storyboard in Resources */ = {isa = PBXBuildFile; fileRef = 95F4D6B21C46938600E7264D /* Main.storyboard */; };
		95F4D6B61C46938600E7264D /* Assets.xcassets in Resources */ = {isa = PBXBuildFile; fileRef = 95F4D6B51C46938600E7264D /* Assets.xcassets */; };
		95F4D6B91C46938600E7264D /* LaunchScreen.storyboard in Resources */ = {isa = PBXBuildFile; fileRef = 95F4D6B71C46938600E7264D /* LaunchScreen.storyboard */; };
		95F4D6C41C46938600E7264D /* ImageFilterTests.m in Sources */ = {isa = PBXBuildFile; fileRef = 95F4D6C31C46938600E7264D /* ImageFilterTests.m */; };
		95F4D6CF1C46938600E7264D /* ImageFilterUITests.m in Sources */ = {isa = PBXBuildFile; fileRef = 95F4D6CE1C46938600E7264D /* ImageFilterUITests.m */; };
/* End PBXBuildFile section */

/* Begin PBXContainerItemProxy section */
		95F4D6C01C46938600E7264D /* PBXContainerItemProxy */ = {
			isa = PBXContainerItemProxy;
			containerPortal = 95F4D69E1C46938600E7264D /* Project object */;
			proxyType = 1;
			remoteGlobalIDString = 95F4D6A51C46938600E7264D;
			remoteInfo = ImageFilter;
		};
		95F4D6CB1C46938600E7264D /* PBXContainerItemProxy */ = {
			isa = PBXContainerItemProxy;
			containerPortal = 95F4D69E1C46938600E7264D /* Project object */;
			proxyType = 1;
			remoteGlobalIDString = 95F4D6A51C46938600E7264D;
			remoteInfo = ImageFilter;
		};
/* End PBXContainerItemProxy section */

/* Begin PBXFileReference section */
		95F4D6A61C46938600E7264D /* ImageFilter.app */ = {isa = PBXFileReference; explicitFileType = wrapper.application; includeInIndex = 0; path = ImageFilter.app; sourceTree = BUILT_PRODUCTS_DIR; };
		95F4D6AA1C46938600E7264D /* main.m */ = {isa = PBXFileReference; lastKnownFileType = sourcecode.c.objc; path = main.m; sourceTree = "<group>"; };
		95F4D6AC1C46938600E7264D /* AppDelegate.h */ = {isa = PBXFileReference; lastKnownFileType = sourcecode.c.h; path = AppDelegate.h; sourceTree = "<group>"; };
		95F4D6AD1C46938600E7264D /* AppDelegate.m */ = {isa = PBXFileReference; lastKnownFileType = sourcecode.c.objc; path = AppDelegate.m; sourceTree = "<group>"; };
		95F4D6AF1C46938600E7264D /* ViewController.h */ = {isa = PBXFileReference; lastKnownFileType = sourcecode.c.h; path = ViewController.h; sourceTree = "<group>"; };
		95F4D6B01C46938600E7264D /* ViewController.m */ = {isa = PBXFileReference; lastKnownFileType = sourcecode.c.objc; path = ViewController.m; sourceTree = "<group>"; };
		95F4D6B31C46938600E7264D /* Base */ = {isa = PBXFileReference; lastKnownFileType = file.storyboard; name = Base; path = Base.lproj/Main.storyboard; sourceTree = "<group>"; };
		95F4D6B51C46938600E7264D /* Assets.xcassets */ = {isa = PBXFileReference; lastKnownFileType = folder.assetcatalog; path = Assets.xcassets; sourceTree = "<group>"; };
		95F4D6B81C46938600E7264D /* Base */ = {isa = PBXFileReference; lastKnownFileType = file.storyboard; name = Base; path = Base.lproj/LaunchScreen.storyboard; sourceTree = "<group>"; };
		95F4D6BA1C46938600E7264D /* Info.plist */ = {isa = PBXFileReference; lastKnownFileType = text.plist.xml; path = Info.plist; sourceTree = "<group>"; };
		95F4D6BF1C46938600E7264D /* ImageFilterTests.xctest */ = {isa = PBXFileReference; explicitFileType = wrapper.cfbundle; includeInIndex = 0; path = ImageFilterTests.xctest; sourceTree = BUILT_PRODUCTS_DIR; };
		95F4D6C31C46938600E7264D /* ImageFilterTests.m */ = {isa = PBXFileReference; lastKnownFileType = sourcecode.c.objc; path = ImageFilterTests.m; sourceTree = "<group>"; };
		95F4D6C51C46938600E7264D /* Info.plist */ = {isa = PBXFileReference; lastKnownFileType = text.plist.xml; path = Info.plist; sourceTree = "<group>"; };
		95F4D6CA1C46938600E7264D /* ImageFilterUITests.xctest */ = {isa = PBXFileReference; explicitFileType = wrapper.cfbundle; includeInIndex = 0; path = ImageFilterUITests.xctest; sourceTree = BUILT_PRODUCTS_DIR; };
		95F4D6CE1C46938600E7264D /* ImageFilterUITests.m */ = {isa = PBXFileReference; lastKnownFileType = sourcecode.c.objc; path = ImageFilterUITests.m; sourceTree = "<group>"; };
		95F4D6D01C46938700E7264D /* Info.plist */ = {isa = PBXFileReference; lastKnownFileType = text.plist.xml; path = Info.plist; sourceTree = "<group>"; };
/* End PBXFileReference section */

/* Begin PBXFrameworksBuildPhase section */
		95F4D6A31C46938600E7264D /* Frameworks */ = {
			isa = PBXFrameworksBuildPhase;
			buildActionMask = 2147483647;
			files = (
			);
			runOnlyForDeploymentPostprocessing = 0;
		};
		95F4D6BC1C46938600E7264D /* Frameworks */ = {
			isa = PBXFrameworksBuildPhase;
			buildActionMask = 2147483647;
			files = (
			);
			runOnlyForDeploymentPostprocessing = 0;
		};
		95F4D6C71C46938600E7264D /* Frameworks */ = {
			isa = PBXFrameworksBuildPhase;
			buildActionMask = 2147483647;
			files = (
			);
			runOnlyForDeploymentPostprocessing = 0;
		};
/* End PBXFrameworksBuildPhase section */

/* Begin PBXGroup section */
		95F4D69D1C46938600E7264D = {
			isa = PBXGroup;
			children = (
				95F4D6A81C46938600E7264D /* ImageFilter */,
				95F4D6C21C46938600E7264D /* ImageFilterTests */,
				95F4D6CD1C46938600E7264D /* ImageFilterUITests */,
				95F4D6A71C46938600E7264D /* Products */,
			);
			sourceTree = "<group>";
		};
		95F4D6A71C46938600E7264D /* Products */ = {
			isa = PBXGroup;
			children = (
				95F4D6A61C46938600E7264D /* ImageFilter.app */,
				95F4D6BF1C46938600E7264D /* ImageFilterTests.xctest */,
				95F4D6CA1C46938600E7264D /* ImageFilterUITests.xctest */,
			);
			name = Products;
			sourceTree = "<group>";
		};
		95F4D6A81C46938600E7264D /* ImageFilter */ = {
			isa = PBXGroup;
			children = (
				95F4D6AC1C46938600E7264D /* AppDelegate.h */,
				95F4D6AD1C46938600E7264D /* AppDelegate.m */,
				95F4D6AF1C46938600E7264D /* ViewController.h */,
				95F4D6B01C46938600E7264D /* ViewController.m */,
				95F4D6B21C46938600E7264D /* Main.storyboard */,
				95F4D6B51C46938600E7264D /* Assets.xcassets */,
				95F4D6B71C46938600E7264D /* LaunchScreen.storyboard */,
				95F4D6BA1C46938600E7264D /* Info.plist */,
				95F4D6A91C46938600E7264D /* Supporting Files */,
			);
			path = ImageFilter;
			sourceTree = "<group>";
		};
		95F4D6A91C46938600E7264D /* Supporting Files */ = {
			isa = PBXGroup;
			children = (
				95F4D6AA1C46938600E7264D /* main.m */,
			);
			name = "Supporting Files";
			sourceTree = "<group>";
		};
		95F4D6C21C46938600E7264D /* ImageFilterTests */ = {
			isa = PBXGroup;
			children = (
				95F4D6C31C46938600E7264D /* ImageFilterTests.m */,
				95F4D6C51C46938600E7264D /* Info.plist */,
			);
			path = ImageFilterTests;
			sourceTree = "<group>";
		};
		95F4D6CD1C46938600E7264D /* ImageFilterUITests */ = {
			isa = PBXGroup;
			children = (
				95F4D6CE1C46938600E7264D /* ImageFilterUITests.m */,
				95F4D6D01C46938700E7264D /* Info.plist */,
			);
			path = ImageFilterUITests;
			sourceTree = "<group>";
		};
/* End PBXGroup section */

/* Begin PBXNativeTarget section */
		95F4D6A51C46938600E7264D /* ImageFilter */ = {
			isa = PBXNativeTarget;
			buildConfigurationList = 95F4D6D31C46938700E7264D /* Build configuration list for PBXNativeTarget "ImageFilter" */;
			buildPhases = (
				95F4D6A21C46938600E7264D /* Sources */,
				95F4D6A31C46938600E7264D /* Frameworks */,
				95F4D6A41C46938600E7264D /* Resources */,
			);
			buildRules = (
			);
			dependencies = (
			);
			name = ImageFilter;
			productName = ImageFilter;
			productReference = 95F4D6A61C46938600E7264D /* ImageFilter.app */;
			productType = "com.apple.product-type.application";
		};
		95F4D6BE1C46938600E7264D /* ImageFilterTests */ = {
			isa = PBXNativeTarget;
			buildConfigurationList = 95F4D6D61C46938700E7264D /* Build configuration list for PBXNativeTarget "ImageFilterTests" */;
			buildPhases = (
				95F4D6BB1C46938600E7264D /* Sources */,
				95F4D6BC1C46938600E7264D /* Frameworks */,
				95F4D6BD1C46938600E7264D /* Resources */,
			);
			buildRules = (
			);
			dependencies = (
				95F4D6C11C46938600E7264D /* PBXTargetDependency */,
			);
			name = ImageFilterTests;
			productName = ImageFilterTests;
			productReference = 95F4D6BF1C46938600E7264D /* ImageFilterTests.xctest */;
			productType = "com.apple.product-type.bundle.unit-test";
		};
		95F4D6C91C46938600E7264D /* ImageFilterUITests */ = {
			isa = PBXNativeTarget;
			buildConfigurationList = 95F4D6D91C46938700E7264D /* Build configuration list for PBXNativeTarget "ImageFilterUITests" */;
			buildPhases = (
				95F4D6C61C46938600E7264D /* Sources */,
				95F4D6C71C46938600E7264D /* Frameworks */,
				95F4D6C81C46938600E7264D /* Resources */,
			);
			buildRules = (
			);
			dependencies = (
				95F4D6CC1C46938600E7264D /* PBXTargetDependency */,
			);
			name = ImageFilterUITests;
			productName = ImageFilterUITests;
			productReference = 95F4D6CA1C46938600E7264D /* ImageFilterUITests.xctest */;
			productType = "com.apple.product-type.bundle.ui-testing";
		};
/* End PBXNativeTarget section */

/* Begin PBXProject section */
		95F4D69E1C46938600E7264D /* Project object */ = {
			isa = PBXProject;
			attributes = {
				LastUpgradeCheck = 0710;
				ORGANIZATIONNAME = zacky1972;
				TargetAttributes = {
					95F4D6A51C46938600E7264D = {
						CreatedOnToolsVersion = 7.1.1;
					};
					95F4D6BE1C46938600E7264D = {
						CreatedOnToolsVersion = 7.1.1;
						TestTargetID = 95F4D6A51C46938600E7264D;
					};
					95F4D6C91C46938600E7264D = {
						CreatedOnToolsVersion = 7.1.1;
						TestTargetID = 95F4D6A51C46938600E7264D;
					};
				};
			};
			buildConfigurationList = 95F4D6A11C46938600E7264D /* Build configuration list for PBXProject "ImageFilter" */;
			compatibilityVersion = "Xcode 3.2";
			developmentRegion = English;
			hasScannedForEncodings = 0;
			knownRegions = (
				en,
				Base,
			);
			mainGroup = 95F4D69D1C46938600E7264D;
			productRefGroup = 95F4D6A71C46938600E7264D /* Products */;
			projectDirPath = "";
			projectRoot = "";
			targets = (
				95F4D6A51C46938600E7264D /* ImageFilter */,
				95F4D6BE1C46938600E7264D /* ImageFilterTests */,
				95F4D6C91C46938600E7264D /* ImageFilterUITests */,
			);
		};
/* End PBXProject section */

/* Begin PBXResourcesBuildPhase section */
		95F4D6A41C46938600E7264D /* Resources */ = {
			isa = PBXResourcesBuildPhase;
			buildActionMask = 2147483647;
			files = (
				95F4D6B91C46938600E7264D /* LaunchScreen.storyboard in Resources */,
				95F4D6B61C46938600E7264D /* Assets.xcassets in Resources */,
				95F4D6B41C46938600E7264D /* Main.storyboard in Resources */,
			);
			runOnlyForDeploymentPostprocessing = 0;
		};
		95F4D6BD1C46938600E7264D /* Resources */ = {
			isa = PBXResourcesBuildPhase;
			buildActionMask = 2147483647;
			files = (
			);
			runOnlyForDeploymentPostprocessing = 0;
		};
		95F4D6C81C46938600E7264D /* Resources */ = {
			isa = PBXResourcesBuildPhase;
			buildActionMask = 2147483647;
			files = (
			);
			runOnlyForDeploymentPostprocessing = 0;
		};
/* End PBXResourcesBuildPhase section */

/* Begin PBXSourcesBuildPhase section */
		95F4D6A21C46938600E7264D /* Sources */ = {
			isa = PBXSourcesBuildPhase;
			buildActionMask = 2147483647;
			files = (
				95F4D6B11C46938600E7264D /* ViewController.m in Sources */,
				95F4D6AE1C46938600E7264D /* AppDelegate.m in Sources */,
				95F4D6AB1C46938600E7264D /* main.m in Sources */,
			);
			runOnlyForDeploymentPostprocessing = 0;
		};
		95F4D6BB1C46938600E7264D /* Sources */ = {
			isa = PBXSourcesBuildPhase;
			buildActionMask = 2147483647;
			files = (
				95F4D6C41C46938600E7264D /* ImageFilterTests.m in Sources */,
			);
			runOnlyForDeploymentPostprocessing = 0;
		};
		95F4D6C61C46938600E7264D /* Sources */ = {
			isa = PBXSourcesBuildPhase;
			buildActionMask = 2147483647;
			files = (
				95F4D6CF1C46938600E7264D /* ImageFilterUITests.m in Sources */,
			);
			runOnlyForDeploymentPostprocessing = 0;
		};
/* End PBXSourcesBuildPhase section */

/* Begin PBXTargetDependency section */
		95F4D6C11C46938600E7264D /* PBXTargetDependency */ = {
			isa = PBXTargetDependency;
			target = 95F4D6A51C46938600E7264D /* ImageFilter */;
			targetProxy = 95F4D6C01C46938600E7264D /* PBXContainerItemProxy */;
		};
		95F4D6CC1C46938600E7264D /* PBXTargetDependency */ = {
			isa = PBXTargetDependency;
			target = 95F4D6A51C46938600E7264D /* ImageFilter */;
			targetProxy = 95F4D6CB1C46938600E7264D /* PBXContainerItemProxy */;
		};
/* End PBXTargetDependency section */

/* Begin PBXVariantGroup section */
		95F4D6B21C46938600E7264D /* Main.storyboard */ = {
			isa = PBXVariantGroup;
			children = (
				95F4D6B31C46938600E7264D /* Base */,
			);
			name = Main.storyboard;
			sourceTree = "<group>";
		};
		95F4D6B71C46938600E7264D /* LaunchScreen.storyboard */ = {
			isa = PBXVariantGroup;
			children = (
				95F4D6B81C46938600E7264D /* Base */,
			);
			name = LaunchScreen.storyboard;
			sourceTree = "<group>";
		};
/* End PBXVariantGroup section */

/* Begin XCBuildConfiguration section */
		95F4D6D11C46938700E7264D /* Debug */ = {
			isa = XCBuildConfiguration;
			buildSettings = {
				ALWAYS_SEARCH_USER_PATHS = NO;
				CLANG_CXX_LANGUAGE_STANDARD = "gnu++0x";
				CLANG_CXX_LIBRARY = "libc++";
				CLANG_ENABLE_MODULES = YES;
				CLANG_ENABLE_OBJC_ARC = YES;
				CLANG_WARN_BOOL_CONVERSION = YES;
				CLANG_WARN_CONSTANT_CONVERSION = YES;
				CLANG_WARN_DIRECT_OBJC_ISA_USAGE = YES_ERROR;
				CLANG_WARN_EMPTY_BODY = YES;
				CLANG_WARN_ENUM_CONVERSION = YES;
				CLANG_WARN_INT_CONVERSION = YES;
				CLANG_WARN_OBJC_ROOT_CLASS = YES_ERROR;
				CLANG_WARN_UNREACHABLE_CODE = YES;
				CLANG_WARN__DUPLICATE_METHOD_MATCH = YES;
				"CODE_SIGN_IDENTITY[sdk=iphoneos*]" = "iPhone Developer";
				COPY_PHASE_STRIP = NO;
				DEBUG_INFORMATION_FORMAT = dwarf;
				ENABLE_STRICT_OBJC_MSGSEND = YES;
				ENABLE_TESTABILITY = YES;
				GCC_C_LANGUAGE_STANDARD = gnu99;
				GCC_DYNAMIC_NO_PIC = NO;
				GCC_NO_COMMON_BLOCKS = YES;
				GCC_OPTIMIZATION_LEVEL = 0;
				GCC_PREPROCESSOR_DEFINITIONS = (
					"DEBUG=1",
					"$(inherited)",
				);
				GCC_WARN_64_TO_32_BIT_CONVERSION = YES;
				GCC_WARN_ABOUT_RETURN_TYPE = YES_ERROR;
				GCC_WARN_UNDECLARED_SELECTOR = YES;
				GCC_WARN_UNINITIALIZED_AUTOS = YES_AGGRESSIVE;
				GCC_WARN_UNUSED_FUNCTION = YES;
				GCC_WARN_UNUSED_VARIABLE = YES;
				IPHONEOS_DEPLOYMENT_TARGET = 9.1;
				MTL_ENABLE_DEBUG_INFO = YES;
				ONLY_ACTIVE_ARCH = YES;
				SDKROOT = iphoneos;
			};
			name = Debug;
		};
		95F4D6D21C46938700E7264D /* Release */ = {
			isa = XCBuildConfiguration;
			buildSettings = {
				ALWAYS_SEARCH_USER_PATHS = NO;
				CLANG_CXX_LANGUAGE_STANDARD = "gnu++0x";
				CLANG_CXX_LIBRARY = "libc++";
				CLANG_ENABLE_MODULES = YES;
				CLANG_ENABLE_OBJC_ARC = YES;
				CLANG_WARN_BOOL_CONVERSION = YES;
				CLANG_WARN_CONSTANT_CONVERSION = YES;
				CLANG_WARN_DIRECT_OBJC_ISA_USAGE = YES_ERROR;
				CLANG_WARN_EMPTY_BODY = YES;
				CLANG_WARN_ENUM_CONVERSION = YES;
				CLANG_WARN_INT_CONVERSION = YES;
				CLANG_WARN_OBJC_ROOT_CLASS = YES_ERROR;
				CLANG_WARN_UNREACHABLE_CODE = YES;
				CLANG_WARN__DUPLICATE_METHOD_MATCH = YES;
				"CODE_SIGN_IDENTITY[sdk=iphoneos*]" = "iPhone Developer";
				COPY_PHASE_STRIP = NO;
				DEBUG_INFORMATION_FORMAT = "dwarf-with-dsym";
				ENABLE_NS_ASSERTIONS = NO;
				ENABLE_STRICT_OBJC_MSGSEND = YES;
				GCC_C_LANGUAGE_STANDARD = gnu99;
				GCC_NO_COMMON_BLOCKS = YES;
				GCC_WARN_64_TO_32_BIT_CONVERSION = YES;
				GCC_WARN_ABOUT_RETURN_TYPE = YES_ERROR;
				GCC_WARN_UNDECLARED_SELECTOR = YES;
				GCC_WARN_UNINITIALIZED_AUTOS = YES_AGGRESSIVE;
				GCC_WARN_UNUSED_FUNCTION = YES;
				GCC_WARN_UNUSED_VARIABLE = YES;
				IPHONEOS_DEPLOYMENT_TARGET = 9.1;
				MTL_ENABLE_DEBUG_INFO = NO;
				SDKROOT = iphoneos;
				VALIDATE_PRODUCT = YES;
			};
			name = Release;
		};
		95F4D6D41C46938700E7264D /* Debug */ = {
			isa = XCBuildConfiguration;
			buildSettings = {
				ASSETCATALOG_COMPILER_APPICON_NAME = AppIcon;
				INFOPLIST_FILE = ImageFilter/Info.plist;
				LD_RUNPATH_SEARCH_PATHS = "$(inherited) @executable_path/Frameworks";
				PRODUCT_BUNDLE_IDENTIFIER = "jp.ac.kitakyu-u.ImageFilter";
				PRODUCT_NAME = "$(TARGET_NAME)";
			};
			name = Debug;
		};
		95F4D6D51C46938700E7264D /* Release */ = {
			isa = XCBuildConfiguration;
			buildSettings = {
				ASSETCATALOG_COMPILER_APPICON_NAME = AppIcon;
				INFOPLIST_FILE = ImageFilter/Info.plist;
				LD_RUNPATH_SEARCH_PATHS = "$(inherited) @executable_path/Frameworks";
				PRODUCT_BUNDLE_IDENTIFIER = "jp.ac.kitakyu-u.ImageFilter";
				PRODUCT_NAME = "$(TARGET_NAME)";
			};
			name = Release;
		};
		95F4D6D71C46938700E7264D /* Debug */ = {
			isa = XCBuildConfiguration;
			buildSettings = {
				BUNDLE_LOADER = "$(TEST_HOST)";
				INFOPLIST_FILE = ImageFilterTests/Info.plist;
				LD_RUNPATH_SEARCH_PATHS = "$(inherited) @executable_path/Frameworks @loader_path/Frameworks";
				PRODUCT_BUNDLE_IDENTIFIER = "jp.ac.kitakyu-u.ImageFilterTests";
				PRODUCT_NAME = "$(TARGET_NAME)";
				TEST_HOST = "$(BUILT_PRODUCTS_DIR)/ImageFilter.app/ImageFilter";
			};
			name = Debug;
		};
		95F4D6D81C46938700E7264D /* Release */ = {
			isa = XCBuildConfiguration;
			buildSettings = {
				BUNDLE_LOADER = "$(TEST_HOST)";
				INFOPLIST_FILE = ImageFilterTests/Info.plist;
				LD_RUNPATH_SEARCH_PATHS = "$(inherited) @executable_path/Frameworks @loader_path/Frameworks";
				PRODUCT_BUNDLE_IDENTIFIER = "jp.ac.kitakyu-u.ImageFilterTests";
				PRODUCT_NAME = "$(TARGET_NAME)";
				TEST_HOST = "$(BUILT_PRODUCTS_DIR)/ImageFilter.app/ImageFilter";
			};
			name = Release;
		};
		95F4D6DA1C46938700E7264D /* Debug */ = {
			isa = XCBuildConfiguration;
			buildSettings = {
				INFOPLIST_FILE = ImageFilterUITests/Info.plist;
				LD_RUNPATH_SEARCH_PATHS = "$(inherited) @executable_path/Frameworks @loader_path/Frameworks";
				PRODUCT_BUNDLE_IDENTIFIER = "jp.ac.kitakyu-u.ImageFilterUITests";
				PRODUCT_NAME = "$(TARGET_NAME)";
				TEST_TARGET_NAME = ImageFilter;
				USES_XCTRUNNER = YES;
			};
			name = Debug;
		};
		95F4D6DB1C46938700E7264D /* Release */ = {
			isa = XCBuildConfiguration;
			buildSettings = {
				INFOPLIST_FILE = ImageFilterUITests/Info.plist;
				LD_RUNPATH_SEARCH_PATHS = "$(inherited) @executable_path/Frameworks @loader_path/Frameworks";
				PRODUCT_BUNDLE_IDENTIFIER = "jp.ac.kitakyu-u.ImageFilterUITests";
				PRODUCT_NAME = "$(TARGET_NAME)";
				TEST_TARGET_NAME = ImageFilter;
				USES_XCTRUNNER = YES;
			};
			name = Release;
		};
/* End XCBuildConfiguration section */

/* Begin XCConfigurationList section */
		95F4D6A11C46938600E7264D /* Build configuration list for PBXProject "ImageFilter" */ = {
			isa = XCConfigurationList;
			buildConfigurations = (
				95F4D6D11C46938700E7264D /* Debug */,
				95F4D6D21C46938700E7264D /* Release */,
			);
			defaultConfigurationIsVisible = 0;
			defaultConfigurationName = Release;
		};
		95F4D6D31C46938700E7264D /* Build configuration list for PBXNativeTarget "ImageFilter" */ = {
			isa = XCConfigurationList;
			buildConfigurations = (
				95F4D6D41C46938700E7264D /* Debug */,
				95F4D6D51C46938700E7264D /* Release */,
			);
			defaultConfigurationIsVisible = 0;
		};
		95F4D6D61C46938700E7264D /* Build configuration list for PBXNativeTarget "ImageFilterTests" */ = {
			isa = XCConfigurationList;
			buildConfigurations = (
				95F4D6D71C46938700E7264D /* Debug */,
				95F4D6D81C46938700E7264D /* Release */,
			);
			defaultConfigurationIsVisible = 0;
		};
		95F4D6D91C46938700E7264D /* Build configuration list for PBXNativeTarget "ImageFilterUITests" */ = {
			isa = XCConfigurationList;
			buildConfigurations = (
				95F4D6DA1C46938700E7264D /* Debug */,
				95F4D6DB1C46938700E7264D /* Release */,
			);
			defaultConfigurationIsVisible = 0;
		};
/* End XCConfigurationList section */
	};
	rootObject = 95F4D69E1C46938600E7264D /* Project object */;
}
